
Microsoft Visual Studio Solution File, Format Version 12.00
Project("{FAE04EC0-301F-11D3-BF4B-00C04F79EFBC}") = "api", "api\api.csproj", "{85ACCB67-D766-4622-9791-43E281EA6AB0}"
EndProject
Global
	GlobalSection(SolutionConfigurationPlatforms) = preSolution
		Debug|Any CPU = Debug|Any CPU
		Release|Any CPU = Release|Any CPU
	EndGlobalSection
	GlobalSection(ProjectConfigurationPlatforms) = postSolution
		{85ACCB67-D766-4622-9791-43E281EA6AB0}.Debug|Any CPU.ActiveCfg = Debug|Any CPU
		{85ACCB67-D766-4622-9791-43E281EA6AB0}.Debug|Any CPU.Build.0 = Debug|Any CPU
		{85ACCB67-D766-4622-9791-43E281EA6AB0}.Release|Any CPU.ActiveCfg = Release|Any CPU
		{85ACCB67-D766-4622-9791-43E281EA6AB0}.Release|Any CPU.Build.0 = Release|Any CPU
	EndGlobalSection
EndGlobal
